
Microsoft Visual Studio Solution File, Format Version 12.00
# Visual Studio Version 17
VisualStudioVersion = 17.0.31903.59
MinimumVisualStudioVersion = 10.0.40219.1
Project("{9A19103F-16F7-4668-BE54-9A1E7A4F7556}") = "CleanLojaMvc.Application", "CleanLojaMvc.Application\CleanLojaMvc.Application.csproj", "{D3422382-4143-49CE-BAEC-055A58BE0937}"
EndProject
Project("{9A19103F-16F7-4668-BE54-9A1E7A4F7556}") = "CleanLojaMvc.Domain", "CleanLojaMvc.Domain\CleanLojaMvc.Domain.csproj", "{6CB9D0CB-E1C1-40D3-8369-51372C994EE4}"
EndProject
Project("{9A19103F-16F7-4668-BE54-9A1E7A4F7556}") = "CleanLojaMvc.Infra.Data", "CleanLojaMvc.Infra.Data\CleanLojaMvc.Infra.Data.csproj", "{8E9335B4-D912-47F4-8B84-54368AA239DD}"
EndProject
Project("{9A19103F-16F7-4668-BE54-9A1E7A4F7556}") = "CleanLojaMvc.Infra.IoC", "CleanLojaMvc.Infra.IoC\CleanLojaMvc.Infra.IoC.csproj", "{9B7E20F9-932E-486A-9B21-101395EF3FD7}"
EndProject
Project("{9A19103F-16F7-4668-BE54-9A1E7A4F7556}") = "CleanLojaMvc.WebUI", "CleanLojaMvc.WebUI\CleanLojaMvc.WebUI.csproj", "{B6FCEC6A-B76E-4AFF-A570-98174AC35BFD}"
EndProject
Project("{FAE04EC0-301F-11D3-BF4B-00C04F79EFBC}") = "CleanLojaMvc.Test", "CleanLojaMvc\CleanLojaMvc.Test.csproj", "{0A4DAE10-250A-4DD5-8DCD-0E11B94785C2}"
EndProject
Global
	GlobalSection(SolutionConfigurationPlatforms) = preSolution
		Debug|Any CPU = Debug|Any CPU
		Release|Any CPU = Release|Any CPU
	EndGlobalSection
	GlobalSection(ProjectConfigurationPlatforms) = postSolution
		{D3422382-4143-49CE-BAEC-055A58BE0937}.Debug|Any CPU.ActiveCfg = Debug|Any CPU
		{D3422382-4143-49CE-BAEC-055A58BE0937}.Debug|Any CPU.Build.0 = Debug|Any CPU
		{D3422382-4143-49CE-BAEC-055A58BE0937}.Release|Any CPU.ActiveCfg = Release|Any CPU
		{D3422382-4143-49CE-BAEC-055A58BE0937}.Release|Any CPU.Build.0 = Release|Any CPU
		{6CB9D0CB-E1C1-40D3-8369-51372C994EE4}.Debug|Any CPU.ActiveCfg = Debug|Any CPU
		{6CB9D0CB-E1C1-40D3-8369-51372C994EE4}.Debug|Any CPU.Build.0 = Debug|Any CPU
		{6CB9D0CB-E1C1-40D3-8369-51372C994EE4}.Release|Any CPU.ActiveCfg = Release|Any CPU
		{6CB9D0CB-E1C1-40D3-8369-51372C994EE4}.Release|Any CPU.Build.0 = Release|Any CPU
		{8E9335B4-D912-47F4-8B84-54368AA239DD}.Debug|Any CPU.ActiveCfg = Debug|Any CPU
		{8E9335B4-D912-47F4-8B84-54368AA239DD}.Debug|Any CPU.Build.0 = Debug|Any CPU
		{8E9335B4-D912-47F4-8B84-54368AA239DD}.Release|Any CPU.ActiveCfg = Release|Any CPU
		{8E9335B4-D912-47F4-8B84-54368AA239DD}.Release|Any CPU.Build.0 = Release|Any CPU
		{9B7E20F9-932E-486A-9B21-101395EF3FD7}.Debug|Any CPU.ActiveCfg = Debug|Any CPU
		{9B7E20F9-932E-486A-9B21-101395EF3FD7}.Debug|Any CPU.Build.0 = Debug|Any CPU
		{9B7E20F9-932E-486A-9B21-101395EF3FD7}.Release|Any CPU.ActiveCfg = Release|Any CPU
		{9B7E20F9-932E-486A-9B21-101395EF3FD7}.Release|Any CPU.Build.0 = Release|Any CPU
		{B6FCEC6A-B76E-4AFF-A570-98174AC35BFD}.Debug|Any CPU.ActiveCfg = Debug|Any CPU
		{B6FCEC6A-B76E-4AFF-A570-98174AC35BFD}.Debug|Any CPU.Build.0 = Debug|Any CPU
		{B6FCEC6A-B76E-4AFF-A570-98174AC35BFD}.Release|Any CPU.ActiveCfg = Release|Any CPU
		{B6FCEC6A-B76E-4AFF-A570-98174AC35BFD}.Release|Any CPU.Build.0 = Release|Any CPU
		{0A4DAE10-250A-4DD5-8DCD-0E11B94785C2}.Debug|Any CPU.ActiveCfg = Debug|Any CPU
		{0A4DAE10-250A-4DD5-8DCD-0E11B94785C2}.Debug|Any CPU.Build.0 = Debug|Any CPU
		{0A4DAE10-250A-4DD5-8DCD-0E11B94785C2}.Release|Any CPU.ActiveCfg = Release|Any CPU
		{0A4DAE10-250A-4DD5-8DCD-0E11B94785C2}.Release|Any CPU.Build.0 = Release|Any CPU
	EndGlobalSection
	GlobalSection(SolutionProperties) = preSolution
		HideSolutionNode = FALSE
	EndGlobalSection
	GlobalSection(ExtensibilityGlobals) = postSolution
		SolutionGuid = {EF6009A5-BA13-4C0E-B193-2CFBF9589FA7}
	EndGlobalSection
EndGlobal
